// !$*UTF8*$!
{
	archiveVersion = 1;
	classes = {
	};
	objectVersion = 50;
	objects = {

/* Begin PBXBuildFile section */
		5B538EEB21A90F2500AFAA76 /* AppDelegate.swift in Sources */ = {isa = PBXBuildFile; fileRef = 5B538EEA21A90F2500AFAA76 /* AppDelegate.swift */; };
		5B538EED21A90F2500AFAA76 /* ViewController.swift in Sources */ = {isa = PBXBuildFile; fileRef = 5B538EEC21A90F2500AFAA76 /* ViewController.swift */; };
		5B538EF021A90F2500AFAA76 /* Main.storyboard in Resources */ = {isa = PBXBuildFile; fileRef = 5B538EEE21A90F2500AFAA76 /* Main.storyboard */; };
		5B538EF221A90F2500AFAA76 /* Assets.xcassets in Resources */ = {isa = PBXBuildFile; fileRef = 5B538EF121A90F2500AFAA76 /* Assets.xcassets */; };
		5B538EF521A90F2500AFAA76 /* LaunchScreen.storyboard in Resources */ = {isa = PBXBuildFile; fileRef = 5B538EF321A90F2500AFAA76 /* LaunchScreen.storyboard */; };
		5B538F0021A90F2500AFAA76 /* TinderTests.swift in Sources */ = {isa = PBXBuildFile; fileRef = 5B538EFF21A90F2500AFAA76 /* TinderTests.swift */; };
		5B538F0B21A90F2600AFAA76 /* TinderUITests.swift in Sources */ = {isa = PBXBuildFile; fileRef = 5B538F0A21A90F2600AFAA76 /* TinderUITests.swift */; };
/* End PBXBuildFile section */

/* Begin PBXContainerItemProxy section */
		5B538EFC21A90F2500AFAA76 /* PBXContainerItemProxy */ = {
			isa = PBXContainerItemProxy;
			containerPortal = 5B538EDF21A90F2500AFAA76 /* Project object */;
			proxyType = 1;
			remoteGlobalIDString = 5B538EE621A90F2500AFAA76;
			remoteInfo = Tinder;
		};
		5B538F0721A90F2600AFAA76 /* PBXContainerItemProxy */ = {
			isa = PBXContainerItemProxy;
			containerPortal = 5B538EDF21A90F2500AFAA76 /* Project object */;
			proxyType = 1;
			remoteGlobalIDString = 5B538EE621A90F2500AFAA76;
			remoteInfo = Tinder;
		};
/* End PBXContainerItemProxy section */

/* Begin PBXFileReference section */
		5B538EE721A90F2500AFAA76 /* Tinder.app */ = {isa = PBXFileReference; explicitFileType = wrapper.application; includeInIndex = 0; path = Tinder.app; sourceTree = BUILT_PRODUCTS_DIR; };
		5B538EEA21A90F2500AFAA76 /* AppDelegate.swift */ = {isa = PBXFileReference; lastKnownFileType = sourcecode.swift; path = AppDelegate.swift; sourceTree = "<group>"; };
		5B538EEC21A90F2500AFAA76 /* ViewController.swift */ = {isa = PBXFileReference; lastKnownFileType = sourcecode.swift; path = ViewController.swift; sourceTree = "<group>"; };
		5B538EEF21A90F2500AFAA76 /* Base */ = {isa = PBXFileReference; lastKnownFileType = file.storyboard; name = Base; path = Base.lproj/Main.storyboard; sourceTree = "<group>"; };
		5B538EF121A90F2500AFAA76 /* Assets.xcassets */ = {isa = PBXFileReference; lastKnownFileType = folder.assetcatalog; path = Assets.xcassets; sourceTree = "<group>"; };
		5B538EF421A90F2500AFAA76 /* Base */ = {isa = PBXFileReference; lastKnownFileType = file.storyboard; name = Base; path = Base.lproj/LaunchScreen.storyboard; sourceTree = "<group>"; };
		5B538EF621A90F2500AFAA76 /* Info.plist */ = {isa = PBXFileReference; lastKnownFileType = text.plist.xml; path = Info.plist; sourceTree = "<group>"; };
		5B538EFB21A90F2500AFAA76 /* TinderTests.xctest */ = {isa = PBXFileReference; explicitFileType = wrapper.cfbundle; includeInIndex = 0; path = TinderTests.xctest; sourceTree = BUILT_PRODUCTS_DIR; };
		5B538EFF21A90F2500AFAA76 /* TinderTests.swift */ = {isa = PBXFileReference; lastKnownFileType = sourcecode.swift; path = TinderTests.swift; sourceTree = "<group>"; };
		5B538F0121A90F2500AFAA76 /* Info.plist */ = {isa = PBXFileReference; lastKnownFileType = text.plist.xml; path = Info.plist; sourceTree = "<group>"; };
		5B538F0621A90F2600AFAA76 /* TinderUITests.xctest */ = {isa = PBXFileReference; explicitFileType = wrapper.cfbundle; includeInIndex = 0; path = TinderUITests.xctest; sourceTree = BUILT_PRODUCTS_DIR; };
		5B538F0A21A90F2600AFAA76 /* TinderUITests.swift */ = {isa = PBXFileReference; lastKnownFileType = sourcecode.swift; path = TinderUITests.swift; sourceTree = "<group>"; };
		5B538F0C21A90F2600AFAA76 /* Info.plist */ = {isa = PBXFileReference; lastKnownFileType = text.plist.xml; path = Info.plist; sourceTree = "<group>"; };
/* End PBXFileReference section */

/* Begin PBXFrameworksBuildPhase section */
		5B538EE421A90F2500AFAA76 /* Frameworks */ = {
			isa = PBXFrameworksBuildPhase;
			buildActionMask = 2147483647;
			files = (
			);
			runOnlyForDeploymentPostprocessing = 0;
		};
		5B538EF821A90F2500AFAA76 /* Frameworks */ = {
			isa = PBXFrameworksBuildPhase;
			buildActionMask = 2147483647;
			files = (
			);
			runOnlyForDeploymentPostprocessing = 0;
		};
		5B538F0321A90F2600AFAA76 /* Frameworks */ = {
			isa = PBXFrameworksBuildPhase;
			buildActionMask = 2147483647;
			files = (
			);
			runOnlyForDeploymentPostprocessing = 0;
		};
/* End PBXFrameworksBuildPhase section */

/* Begin PBXGroup section */
		5B538EDE21A90F2500AFAA76 = {
			isa = PBXGroup;
			children = (
				5B538EE921A90F2500AFAA76 /* Tinder */,
				5B538EFE21A90F2500AFAA76 /* TinderTests */,
				5B538F0921A90F2600AFAA76 /* TinderUITests */,
				5B538EE821A90F2500AFAA76 /* Products */,
			);
			sourceTree = "<group>";
		};
		5B538EE821A90F2500AFAA76 /* Products */ = {
			isa = PBXGroup;
			children = (
				5B538EE721A90F2500AFAA76 /* Tinder.app */,
				5B538EFB21A90F2500AFAA76 /* TinderTests.xctest */,
				5B538F0621A90F2600AFAA76 /* TinderUITests.xctest */,
			);
			name = Products;
			sourceTree = "<group>";
		};
		5B538EE921A90F2500AFAA76 /* Tinder */ = {
			isa = PBXGroup;
			children = (
				5B538EEA21A90F2500AFAA76 /* AppDelegate.swift */,
				5B538EEC21A90F2500AFAA76 /* ViewController.swift */,
				5B538EEE21A90F2500AFAA76 /* Main.storyboard */,
				5B538EF121A90F2500AFAA76 /* Assets.xcassets */,
				5B538EF321A90F2500AFAA76 /* LaunchScreen.storyboard */,
				5B538EF621A90F2500AFAA76 /* Info.plist */,
			);
			path = Tinder;
			sourceTree = "<group>";
		};
		5B538EFE21A90F2500AFAA76 /* TinderTests */ = {
			isa = PBXGroup;
			children = (
				5B538EFF21A90F2500AFAA76 /* TinderTests.swift */,
				5B538F0121A90F2500AFAA76 /* Info.plist */,
			);
			path = TinderTests;
			sourceTree = "<group>";
		};
		5B538F0921A90F2600AFAA76 /* TinderUITests */ = {
			isa = PBXGroup;
			children = (
				5B538F0A21A90F2600AFAA76 /* TinderUITests.swift */,
				5B538F0C21A90F2600AFAA76 /* Info.plist */,
			);
			path = TinderUITests;
			sourceTree = "<group>";
		};
/* End PBXGroup section */

/* Begin PBXNativeTarget section */
		5B538EE621A90F2500AFAA76 /* Tinder */ = {
			isa = PBXNativeTarget;
			buildConfigurationList = 5B538F0F21A90F2600AFAA76 /* Build configuration list for PBXNativeTarget "Tinder" */;
			buildPhases = (
				5B538EE321A90F2500AFAA76 /* Sources */,
				5B538EE421A90F2500AFAA76 /* Frameworks */,
				5B538EE521A90F2500AFAA76 /* Resources */,
			);
			buildRules = (
			);
			dependencies = (
			);
			name = Tinder;
			productName = Tinder;
			productReference = 5B538EE721A90F2500AFAA76 /* Tinder.app */;
			productType = "com.apple.product-type.application";
		};
		5B538EFA21A90F2500AFAA76 /* TinderTests */ = {
			isa = PBXNativeTarget;
			buildConfigurationList = 5B538F1221A90F2600AFAA76 /* Build configuration list for PBXNativeTarget "TinderTests" */;
			buildPhases = (
				5B538EF721A90F2500AFAA76 /* Sources */,
				5B538EF821A90F2500AFAA76 /* Frameworks */,
				5B538EF921A90F2500AFAA76 /* Resources */,
			);
			buildRules = (
			);
			dependencies = (
				5B538EFD21A90F2500AFAA76 /* PBXTargetDependency */,
			);
			name = TinderTests;
			productName = TinderTests;
			productReference = 5B538EFB21A90F2500AFAA76 /* TinderTests.xctest */;
			productType = "com.apple.product-type.bundle.unit-test";
		};
		5B538F0521A90F2600AFAA76 /* TinderUITests */ = {
			isa = PBXNativeTarget;
			buildConfigurationList = 5B538F1521A90F2600AFAA76 /* Build configuration list for PBXNativeTarget "TinderUITests" */;
			buildPhases = (
				5B538F0221A90F2600AFAA76 /* Sources */,
				5B538F0321A90F2600AFAA76 /* Frameworks */,
				5B538F0421A90F2600AFAA76 /* Resources */,
			);
			buildRules = (
			);
			dependencies = (
				5B538F0821A90F2600AFAA76 /* PBXTargetDependency */,
			);
			name = TinderUITests;
			productName = TinderUITests;
			productReference = 5B538F0621A90F2600AFAA76 /* TinderUITests.xctest */;
			productType = "com.apple.product-type.bundle.ui-testing";
		};
/* End PBXNativeTarget section */

/* Begin PBXProject section */
		5B538EDF21A90F2500AFAA76 /* Project object */ = {
			isa = PBXProject;
			attributes = {
				LastSwiftUpdateCheck = 0940;
				LastUpgradeCheck = 0940;
				ORGANIZATIONNAME = "Allen Lozano";
				TargetAttributes = {
					5B538EE621A90F2500AFAA76 = {
						CreatedOnToolsVersion = 9.4.1;
					};
					5B538EFA21A90F2500AFAA76 = {
						CreatedOnToolsVersion = 9.4.1;
						TestTargetID = 5B538EE621A90F2500AFAA76;
					};
					5B538F0521A90F2600AFAA76 = {
						CreatedOnToolsVersion = 9.4.1;
						TestTargetID = 5B538EE621A90F2500AFAA76;
					};
				};
			};
			buildConfigurationList = 5B538EE221A90F2500AFAA76 /* Build configuration list for PBXProject "Tinder" */;
			compatibilityVersion = "Xcode 9.3";
			developmentRegion = en;
			hasScannedForEncodings = 0;
			knownRegions = (
				en,
				Base,
			);
			mainGroup = 5B538EDE21A90F2500AFAA76;
			productRefGroup = 5B538EE821A90F2500AFAA76 /* Products */;
			projectDirPath = "";
			projectRoot = "";
			targets = (
				5B538EE621A90F2500AFAA76 /* Tinder */,
				5B538EFA21A90F2500AFAA76 /* TinderTests */,
				5B538F0521A90F2600AFAA76 /* TinderUITests */,
			);
		};
/* End PBXProject section */

/* Begin PBXResourcesBuildPhase section */
		5B538EE521A90F2500AFAA76 /* Resources */ = {
			isa = PBXResourcesBuildPhase;
			buildActionMask = 2147483647;
			files = (
				5B538EF521A90F2500AFAA76 /* LaunchScreen.storyboard in Resources */,
				5B538EF221A90F2500AFAA76 /* Assets.xcassets in Resources */,
				5B538EF021A90F2500AFAA76 /* Main.storyboard in Resources */,
			);
			runOnlyForDeploymentPostprocessing = 0;
		};
		5B538EF921A90F2500AFAA76 /* Resources */ = {
			isa = PBXResourcesBuildPhase;
			buildActionMask = 2147483647;
			files = (
			);
			runOnlyForDeploymentPostprocessing = 0;
		};
		5B538F0421A90F2600AFAA76 /* Resources */ = {
			isa = PBXResourcesBuildPhase;
			buildActionMask = 2147483647;
			files = (
			);
			runOnlyForDeploymentPostprocessing = 0;
		};
/* End PBXResourcesBuildPhase section */

/* Begin PBXSourcesBuildPhase section */
		5B538EE321A90F2500AFAA76 /* Sources */ = {
			isa = PBXSourcesBuildPhase;
			buildActionMask = 2147483647;
			files = (
				5B538EED21A90F2500AFAA76 /* ViewController.swift in Sources */,
				5B538EEB21A90F2500AFAA76 /* AppDelegate.swift in Sources */,
			);
			runOnlyForDeploymentPostprocessing = 0;
		};
		5B538EF721A90F2500AFAA76 /* Sources */ = {
			isa = PBXSourcesBuildPhase;
			buildActionMask = 2147483647;
			files = (
				5B538F0021A90F2500AFAA76 /* TinderTests.swift in Sources */,
			);
			runOnlyForDeploymentPostprocessing = 0;
		};
		5B538F0221A90F2600AFAA76 /* Sources */ = {
			isa = PBXSourcesBuildPhase;
			buildActionMask = 2147483647;
			files = (
				5B538F0B21A90F2600AFAA76 /* TinderUITests.swift in Sources */,
			);
			runOnlyForDeploymentPostprocessing = 0;
		};
/* End PBXSourcesBuildPhase section */

/* Begin PBXTargetDependency section */
		5B538EFD21A90F2500AFAA76 /* PBXTargetDependency */ = {
			isa = PBXTargetDependency;
			target = 5B538EE621A90F2500AFAA76 /* Tinder */;
			targetProxy = 5B538EFC21A90F2500AFAA76 /* PBXContainerItemProxy */;
		};
		5B538F0821A90F2600AFAA76 /* PBXTargetDependency */ = {
			isa = PBXTargetDependency;
			target = 5B538EE621A90F2500AFAA76 /* Tinder */;
			targetProxy = 5B538F0721A90F2600AFAA76 /* PBXContainerItemProxy */;
		};
/* End PBXTargetDependency section */

/* Begin PBXVariantGroup section */
		5B538EEE21A90F2500AFAA76 /* Main.storyboard */ = {
			isa = PBXVariantGroup;
			children = (
				5B538EEF21A90F2500AFAA76 /* Base */,
			);
			name = Main.storyboard;
			sourceTree = "<group>";
		};
		5B538EF321A90F2500AFAA76 /* LaunchScreen.storyboard */ = {
			isa = PBXVariantGroup;
			children = (
				5B538EF421A90F2500AFAA76 /* Base */,
			);
			name = LaunchScreen.storyboard;
			sourceTree = "<group>";
		};
/* End PBXVariantGroup section */

/* Begin XCBuildConfiguration section */
		5B538F0D21A90F2600AFAA76 /* Debug */ = {
			isa = XCBuildConfiguration;
			buildSettings = {
				ALWAYS_SEARCH_USER_PATHS = NO;
				CLANG_ANALYZER_NONNULL = YES;
				CLANG_ANALYZER_NUMBER_OBJECT_CONVERSION = YES_AGGRESSIVE;
				CLANG_CXX_LANGUAGE_STANDARD = "gnu++14";
				CLANG_CXX_LIBRARY = "libc++";
				CLANG_ENABLE_MODULES = YES;
				CLANG_ENABLE_OBJC_ARC = YES;
				CLANG_ENABLE_OBJC_WEAK = YES;
				CLANG_WARN_BLOCK_CAPTURE_AUTORELEASING = YES;
				CLANG_WARN_BOOL_CONVERSION = YES;
				CLANG_WARN_COMMA = YES;
				CLANG_WARN_CONSTANT_CONVERSION = YES;
				CLANG_WARN_DEPRECATED_OBJC_IMPLEMENTATIONS = YES;
				CLANG_WARN_DIRECT_OBJC_ISA_USAGE = YES_ERROR;
				CLANG_WARN_DOCUMENTATION_COMMENTS = YES;
				CLANG_WARN_EMPTY_BODY = YES;
				CLANG_WARN_ENUM_CONVERSION = YES;
				CLANG_WARN_INFINITE_RECURSION = YES;
				CLANG_WARN_INT_CONVERSION = YES;
				CLANG_WARN_NON_LITERAL_NULL_CONVERSION = YES;
				CLANG_WARN_OBJC_IMPLICIT_RETAIN_SELF = YES;
				CLANG_WARN_OBJC_LITERAL_CONVERSION = YES;
				CLANG_WARN_OBJC_ROOT_CLASS = YES_ERROR;
				CLANG_WARN_RANGE_LOOP_ANALYSIS = YES;
				CLANG_WARN_STRICT_PROTOTYPES = YES;
				CLANG_WARN_SUSPICIOUS_MOVE = YES;
				CLANG_WARN_UNGUARDED_AVAILABILITY = YES_AGGRESSIVE;
				CLANG_WARN_UNREACHABLE_CODE = YES;
				CLANG_WARN__DUPLICATE_METHOD_MATCH = YES;
				CODE_SIGN_IDENTITY = "iPhone Developer";
				COPY_PHASE_STRIP = NO;
				DEBUG_INFORMATION_FORMAT = dwarf;
				ENABLE_STRICT_OBJC_MSGSEND = YES;
				ENABLE_TESTABILITY = YES;
				GCC_C_LANGUAGE_STANDARD = gnu11;
				GCC_DYNAMIC_NO_PIC = NO;
				GCC_NO_COMMON_BLOCKS = YES;
				GCC_OPTIMIZATION_LEVEL = 0;
				GCC_PREPROCESSOR_DEFINITIONS = (
					"DEBUG=1",
					"$(inherited)",
				);
				GCC_WARN_64_TO_32_BIT_CONVERSION = YES;
				GCC_WARN_ABOUT_RETURN_TYPE = YES_ERROR;
				GCC_WARN_UNDECLARED_SELECTOR = YES;
				GCC_WARN_UNINITIALIZED_AUTOS = YES_AGGRESSIVE;
				GCC_WARN_UNUSED_FUNCTION = YES;
				GCC_WARN_UNUSED_VARIABLE = YES;
				IPHONEOS_DEPLOYMENT_TARGET = 11.4;
				MTL_ENABLE_DEBUG_INFO = YES;
				ONLY_ACTIVE_ARCH = YES;
				SDKROOT = iphoneos;
				SWIFT_ACTIVE_COMPILATION_CONDITIONS = DEBUG;
				SWIFT_OPTIMIZATION_LEVEL = "-Onone";
			};
			name = Debug;
		};
		5B538F0E21A90F2600AFAA76 /* Release */ = {
			isa = XCBuildConfiguration;
			buildSettings = {
				ALWAYS_SEARCH_USER_PATHS = NO;
				CLANG_ANALYZER_NONNULL = YES;
				CLANG_ANALYZER_NUMBER_OBJECT_CONVERSION = YES_AGGRESSIVE;
				CLANG_CXX_LANGUAGE_STANDARD = "gnu++14";
				CLANG_CXX_LIBRARY = "libc++";
				CLANG_ENABLE_MODULES = YES;
				CLANG_ENABLE_OBJC_ARC = YES;
				CLANG_ENABLE_OBJC_WEAK = YES;
				CLANG_WARN_BLOCK_CAPTURE_AUTORELEASING = YES;
				CLANG_WARN_BOOL_CONVERSION = YES;
				CLANG_WARN_COMMA = YES;
				CLANG_WARN_CONSTANT_CONVERSION = YES;
				CLANG_WARN_DEPRECATED_OBJC_IMPLEMENTATIONS = YES;
				CLANG_WARN_DIRECT_OBJC_ISA_USAGE = YES_ERROR;
				CLANG_WARN_DOCUMENTATION_COMMENTS = YES;
				CLANG_WARN_EMPTY_BODY = YES;
				CLANG_WARN_ENUM_CONVERSION = YES;
				CLANG_WARN_INFINITE_RECURSION = YES;
				CLANG_WARN_INT_CONVERSION = YES;
				CLANG_WARN_NON_LITERAL_NULL_CONVERSION = YES;
				CLANG_WARN_OBJC_IMPLICIT_RETAIN_SELF = YES;
				CLANG_WARN_OBJC_LITERAL_CONVERSION = YES;
				CLANG_WARN_OBJC_ROOT_CLASS = YES_ERROR;
				CLANG_WARN_RANGE_LOOP_ANALYSIS = YES;
				CLANG_WARN_STRICT_PROTOTYPES = YES;
				CLANG_WARN_SUSPICIOUS_MOVE = YES;
				CLANG_WARN_UNGUARDED_AVAILABILITY = YES_AGGRESSIVE;
				CLANG_WARN_UNREACHABLE_CODE = YES;
				CLANG_WARN__DUPLICATE_METHOD_MATCH = YES;
				CODE_SIGN_IDENTITY = "iPhone Developer";
				COPY_PHASE_STRIP = NO;
				DEBUG_INFORMATION_FORMAT = "dwarf-with-dsym";
				ENABLE_NS_ASSERTIONS = NO;
				ENABLE_STRICT_OBJC_MSGSEND = YES;
				GCC_C_LANGUAGE_STANDARD = gnu11;
				GCC_NO_COMMON_BLOCKS = YES;
				GCC_WARN_64_TO_32_BIT_CONVERSION = YES;
				GCC_WARN_ABOUT_RETURN_TYPE = YES_ERROR;
				GCC_WARN_UNDECLARED_SELECTOR = YES;
				GCC_WARN_UNINITIALIZED_AUTOS = YES_AGGRESSIVE;
				GCC_WARN_UNUSED_FUNCTION = YES;
				GCC_WARN_UNUSED_VARIABLE = YES;
				IPHONEOS_DEPLOYMENT_TARGET = 11.4;
				MTL_ENABLE_DEBUG_INFO = NO;
				SDKROOT = iphoneos;
				SWIFT_COMPILATION_MODE = wholemodule;
				SWIFT_OPTIMIZATION_LEVEL = "-O";
				VALIDATE_PRODUCT = YES;
			};
			name = Release;
		};
		5B538F1021A90F2600AFAA76 /* Debug */ = {
			isa = XCBuildConfiguration;
			buildSettings = {
				ASSETCATALOG_COMPILER_APPICON_NAME = AppIcon;
				CODE_SIGN_STYLE = Automatic;
				INFOPLIST_FILE = Tinder/Info.plist;
				LD_RUNPATH_SEARCH_PATHS = (
					"$(inherited)",
					"@executable_path/Frameworks",
				);
				PRODUCT_BUNDLE_IDENTIFIER = allen.Tinder;
				PRODUCT_NAME = "$(TARGET_NAME)";
				SWIFT_VERSION = 4.0;
				TARGETED_DEVICE_FAMILY = "1,2";
			};
			name = Debug;
		};
		5B538F1121A90F2600AFAA76 /* Release */ = {
			isa = XCBuildConfiguration;
			buildSettings = {
				ASSETCATALOG_COMPILER_APPICON_NAME = AppIcon;
				CODE_SIGN_STYLE = Automatic;
				INFOPLIST_FILE = Tinder/Info.plist;
				LD_RUNPATH_SEARCH_PATHS = (
					"$(inherited)",
					"@executable_path/Frameworks",
				);
				PRODUCT_BUNDLE_IDENTIFIER = allen.Tinder;
				PRODUCT_NAME = "$(TARGET_NAME)";
				SWIFT_VERSION = 4.0;
				TARGETED_DEVICE_FAMILY = "1,2";
			};
			name = Release;
		};
		5B538F1321A90F2600AFAA76 /* Debug */ = {
			isa = XCBuildConfiguration;
			buildSettings = {
				ALWAYS_EMBED_SWIFT_STANDARD_LIBRARIES = YES;
				BUNDLE_LOADER = "$(TEST_HOST)";
				CODE_SIGN_STYLE = Automatic;
				INFOPLIST_FILE = TinderTests/Info.plist;
				LD_RUNPATH_SEARCH_PATHS = (
					"$(inherited)",
					"@executable_path/Frameworks",
					"@loader_path/Frameworks",
				);
				PRODUCT_BUNDLE_IDENTIFIER = allen.TinderTests;
				PRODUCT_NAME = "$(TARGET_NAME)";
				SWIFT_VERSION = 4.0;
				TARGETED_DEVICE_FAMILY = "1,2";
				TEST_HOST = "$(BUILT_PRODUCTS_DIR)/Tinder.app/Tinder";
			};
			name = Debug;
		};
		5B538F1421A90F2600AFAA76 /* Release */ = {
			isa = XCBuildConfiguration;
			buildSettings = {
				ALWAYS_EMBED_SWIFT_STANDARD_LIBRARIES = YES;
				BUNDLE_LOADER = "$(TEST_HOST)";
				CODE_SIGN_STYLE = Automatic;
				INFOPLIST_FILE = TinderTests/Info.plist;
				LD_RUNPATH_SEARCH_PATHS = (
					"$(inherited)",
					"@executable_path/Frameworks",
					"@loader_path/Frameworks",
				);
				PRODUCT_BUNDLE_IDENTIFIER = allen.TinderTests;
				PRODUCT_NAME = "$(TARGET_NAME)";
				SWIFT_VERSION = 4.0;
				TARGETED_DEVICE_FAMILY = "1,2";
				TEST_HOST = "$(BUILT_PRODUCTS_DIR)/Tinder.app/Tinder";
			};
			name = Release;
		};
		5B538F1621A90F2600AFAA76 /* Debug */ = {
			isa = XCBuildConfiguration;
			buildSettings = {
				ALWAYS_EMBED_SWIFT_STANDARD_LIBRARIES = YES;
				CODE_SIGN_STYLE = Automatic;
				INFOPLIST_FILE = TinderUITests/Info.plist;
				LD_RUNPATH_SEARCH_PATHS = (
					"$(inherited)",
					"@executable_path/Frameworks",
					"@loader_path/Frameworks",
				);
				PRODUCT_BUNDLE_IDENTIFIER = allen.TinderUITests;
				PRODUCT_NAME = "$(TARGET_NAME)";
				SWIFT_VERSION = 4.0;
				TARGETED_DEVICE_FAMILY = "1,2";
				TEST_TARGET_NAME = Tinder;
			};
			name = Debug;
		};
		5B538F1721A90F2600AFAA76 /* Release */ = {
			isa = XCBuildConfiguration;
			buildSettings = {
				ALWAYS_EMBED_SWIFT_STANDARD_LIBRARIES = YES;
				CODE_SIGN_STYLE = Automatic;
				INFOPLIST_FILE = TinderUITests/Info.plist;
				LD_RUNPATH_SEARCH_PATHS = (
					"$(inherited)",
					"@executable_path/Frameworks",
					"@loader_path/Frameworks",
				);
				PRODUCT_BUNDLE_IDENTIFIER = allen.TinderUITests;
				PRODUCT_NAME = "$(TARGET_NAME)";
				SWIFT_VERSION = 4.0;
				TARGETED_DEVICE_FAMILY = "1,2";
				TEST_TARGET_NAME = Tinder;
			};
			name = Release;
		};
/* End XCBuildConfiguration section */

/* Begin XCConfigurationList section */
		5B538EE221A90F2500AFAA76 /* Build configuration list for PBXProject "Tinder" */ = {
			isa = XCConfigurationList;
			buildConfigurations = (
				5B538F0D21A90F2600AFAA76 /* Debug */,
				5B538F0E21A90F2600AFAA76 /* Release */,
			);
			defaultConfigurationIsVisible = 0;
			defaultConfigurationName = Release;
		};
		5B538F0F21A90F2600AFAA76 /* Build configuration list for PBXNativeTarget "Tinder" */ = {
			isa = XCConfigurationList;
			buildConfigurations = (
				5B538F1021A90F2600AFAA76 /* Debug */,
				5B538F1121A90F2600AFAA76 /* Release */,
			);
			defaultConfigurationIsVisible = 0;
			defaultConfigurationName = Release;
		};
		5B538F1221A90F2600AFAA76 /* Build configuration list for PBXNativeTarget "TinderTests" */ = {
			isa = XCConfigurationList;
			buildConfigurations = (
				5B538F1321A90F2600AFAA76 /* Debug */,
				5B538F1421A90F2600AFAA76 /* Release */,
			);
			defaultConfigurationIsVisible = 0;
			defaultConfigurationName = Release;
		};
		5B538F1521A90F2600AFAA76 /* Build configuration list for PBXNativeTarget "TinderUITests" */ = {
			isa = XCConfigurationList;
			buildConfigurations = (
				5B538F1621A90F2600AFAA76 /* Debug */,
				5B538F1721A90F2600AFAA76 /* Release */,
			);
			defaultConfigurationIsVisible = 0;
			defaultConfigurationName = Release;
		};
/* End XCConfigurationList section */
	};
	rootObject = 5B538EDF21A90F2500AFAA76 /* Project object */;
}
